
Microsoft Visual Studio Solution File, Format Version 12.00
# Visual Studio Version 17
VisualStudioVersion = 17.8.34330.188
MinimumVisualStudioVersion = 10.0.40219.1
Project("{9A19103F-16F7-4668-BE54-9A1E7A4F7556}") = "CS-Algorithm", "CS-Algorithm\CS-Algorithm.csproj", "{B7CC589C-A92B-4203-BF6F-36C2831FA0D8}"
EndProject
Project("{9A19103F-16F7-4668-BE54-9A1E7A4F7556}") = "01. List", "01. List\01. List.csproj", "{4BBA02AD-1359-44EB-BF4B-B4B2AB57FEFA}"
EndProject
Project("{9A19103F-16F7-4668-BE54-9A1E7A4F7556}") = "02. LinkedList", "02. LinkedList\02. LinkedList.csproj", "{5CE24F7F-B269-417F-8EC7-7865DAEE9A3A}"
EndProject
Project("{9A19103F-16F7-4668-BE54-9A1E7A4F7556}") = "03. Stack", "03. Stack\03. Stack.csproj", "{085FD54F-F882-415E-A752-9A50A1A9F9AB}"
EndProject
Project("{9A19103F-16F7-4668-BE54-9A1E7A4F7556}") = "04. Queue", "04. Queue\04. Queue.csproj", "{06204934-17DA-4B2A-A048-31A782A27E16}"
EndProject
Project("{FAE04EC0-301F-11D3-BF4B-00C04F79EFBC}") = "05. BinarySearchTree", "05. BinarySearchTree\05. BinarySearchTree.csproj", "{F4779EA6-8DC7-4F3C-943B-D394125371A4}"
EndProject
Global
	GlobalSection(SolutionConfigurationPlatforms) = preSolution
		Debug|Any CPU = Debug|Any CPU
		Release|Any CPU = Release|Any CPU
	EndGlobalSection
	GlobalSection(ProjectConfigurationPlatforms) = postSolution
		{B7CC589C-A92B-4203-BF6F-36C2831FA0D8}.Debug|Any CPU.ActiveCfg = Debug|Any CPU
		{B7CC589C-A92B-4203-BF6F-36C2831FA0D8}.Debug|Any CPU.Build.0 = Debug|Any CPU
		{B7CC589C-A92B-4203-BF6F-36C2831FA0D8}.Release|Any CPU.ActiveCfg = Release|Any CPU
		{B7CC589C-A92B-4203-BF6F-36C2831FA0D8}.Release|Any CPU.Build.0 = Release|Any CPU
		{4BBA02AD-1359-44EB-BF4B-B4B2AB57FEFA}.Debug|Any CPU.ActiveCfg = Debug|Any CPU
		{4BBA02AD-1359-44EB-BF4B-B4B2AB57FEFA}.Debug|Any CPU.Build.0 = Debug|Any CPU
		{4BBA02AD-1359-44EB-BF4B-B4B2AB57FEFA}.Release|Any CPU.ActiveCfg = Release|Any CPU
		{4BBA02AD-1359-44EB-BF4B-B4B2AB57FEFA}.Release|Any CPU.Build.0 = Release|Any CPU
		{5CE24F7F-B269-417F-8EC7-7865DAEE9A3A}.Debug|Any CPU.ActiveCfg = Debug|Any CPU
		{5CE24F7F-B269-417F-8EC7-7865DAEE9A3A}.Debug|Any CPU.Build.0 = Debug|Any CPU
		{5CE24F7F-B269-417F-8EC7-7865DAEE9A3A}.Release|Any CPU.ActiveCfg = Release|Any CPU
		{5CE24F7F-B269-417F-8EC7-7865DAEE9A3A}.Release|Any CPU.Build.0 = Release|Any CPU
		{085FD54F-F882-415E-A752-9A50A1A9F9AB}.Debug|Any CPU.ActiveCfg = Debug|Any CPU
		{085FD54F-F882-415E-A752-9A50A1A9F9AB}.Debug|Any CPU.Build.0 = Debug|Any CPU
		{085FD54F-F882-415E-A752-9A50A1A9F9AB}.Release|Any CPU.ActiveCfg = Release|Any CPU
		{085FD54F-F882-415E-A752-9A50A1A9F9AB}.Release|Any CPU.Build.0 = Release|Any CPU
		{06204934-17DA-4B2A-A048-31A782A27E16}.Debug|Any CPU.ActiveCfg = Debug|Any CPU
		{06204934-17DA-4B2A-A048-31A782A27E16}.Debug|Any CPU.Build.0 = Debug|Any CPU
		{06204934-17DA-4B2A-A048-31A782A27E16}.Release|Any CPU.ActiveCfg = Release|Any CPU
		{06204934-17DA-4B2A-A048-31A782A27E16}.Release|Any CPU.Build.0 = Release|Any CPU
		{F4779EA6-8DC7-4F3C-943B-D394125371A4}.Debug|Any CPU.ActiveCfg = Debug|Any CPU
		{F4779EA6-8DC7-4F3C-943B-D394125371A4}.Debug|Any CPU.Build.0 = Debug|Any CPU
		{F4779EA6-8DC7-4F3C-943B-D394125371A4}.Release|Any CPU.ActiveCfg = Release|Any CPU
		{F4779EA6-8DC7-4F3C-943B-D394125371A4}.Release|Any CPU.Build.0 = Release|Any CPU
	EndGlobalSection
	GlobalSection(SolutionProperties) = preSolution
		HideSolutionNode = FALSE
	EndGlobalSection
	GlobalSection(ExtensibilityGlobals) = postSolution
		SolutionGuid = {1D7E8736-88E3-4A82-BA3C-A09E2E75FFF7}
	EndGlobalSection
EndGlobal
